// !$*UTF8*$!
{
	archiveVersion = 1;
	classes = {
	};
	objectVersion = 56;
	objects = {

/* Begin PBXBuildFile section */
		2E9B94FE2C37201E00B61474 /* NewsListCell.xib in Resources */ = {isa = PBXBuildFile; fileRef = 2E9B94FD2C37201E00B61474 /* NewsListCell.xib */; };
		2E9B94FF2C37201E00B61474 /* NewsListCell.swift in Sources */ = {isa = PBXBuildFile; fileRef = 2E9B94FC2C37201E00B61474 /* NewsListCell.swift */; };
		2EEF700C2C37AAE700F81B62 /* Activity Indicator.swift in Sources */ = {isa = PBXBuildFile; fileRef = 2EEF700B2C37AAE700F81B62 /* Activity Indicator.swift */; };
		2EF6051C2C36B62F00BD6838 /* AppDelegate.swift in Sources */ = {isa = PBXBuildFile; fileRef = 2EF6051B2C36B62F00BD6838 /* AppDelegate.swift */; };
		2EF6051E2C36B62F00BD6838 /* SceneDelegate.swift in Sources */ = {isa = PBXBuildFile; fileRef = 2EF6051D2C36B62F00BD6838 /* SceneDelegate.swift */; };
		2EF605252C36B62F00BD6838 /* Assets.xcassets in Resources */ = {isa = PBXBuildFile; fileRef = 2EF605242C36B62F00BD6838 /* Assets.xcassets */; };
		2EF605282C36B62F00BD6838 /* Base in Resources */ = {isa = PBXBuildFile; fileRef = 2EF605272C36B62F00BD6838 /* Base */; };
		2EF605492C36B6E200BD6838 /* TableViewExtension.swift in Sources */ = {isa = PBXBuildFile; fileRef = 2EF6052F2C36B6E200BD6838 /* TableViewExtension.swift */; };
		2EF6054A2C36B6E200BD6838 /* UIViewControllerExtension.swift in Sources */ = {isa = PBXBuildFile; fileRef = 2EF605302C36B6E200BD6838 /* UIViewControllerExtension.swift */; };
		2EF6054B2C36B6E200BD6838 /* NewsResponse.swift in Sources */ = {isa = PBXBuildFile; fileRef = 2EF605322C36B6E200BD6838 /* NewsResponse.swift */; };
		2EF6054C2C36B6E200BD6838 /* StatusProvider.swift in Sources */ = {isa = PBXBuildFile; fileRef = 2EF605342C36B6E200BD6838 /* StatusProvider.swift */; };
		2EF6054D2C36B6E200BD6838 /* Constants.swift in Sources */ = {isa = PBXBuildFile; fileRef = 2EF605362C36B6E200BD6838 /* Constants.swift */; };
		2EF6054E2C36B6E200BD6838 /* NetworkError.swift in Sources */ = {isa = PBXBuildFile; fileRef = 2EF605372C36B6E200BD6838 /* NetworkError.swift */; };
		2EF6054F2C36B6E200BD6838 /* URLAssest.swift in Sources */ = {isa = PBXBuildFile; fileRef = 2EF605382C36B6E200BD6838 /* URLAssest.swift */; };
		2EF605502C36B6E200BD6838 /* WebServices.swift in Sources */ = {isa = PBXBuildFile; fileRef = 2EF605392C36B6E200BD6838 /* WebServices.swift */; };
		2EF605512C36B6E200BD6838 /* Main.storyboard in Resources */ = {isa = PBXBuildFile; fileRef = 2EF6053C2C36B6E200BD6838 /* Main.storyboard */; };
		2EF605522C36B6E200BD6838 /* PostViewModel.swift in Sources */ = {isa = PBXBuildFile; fileRef = 2EF6053E2C36B6E200BD6838 /* PostViewModel.swift */; };
		2EF605572C36B6E200BD6838 /* NewsListVC.swift in Sources */ = {isa = PBXBuildFile; fileRef = 2EF605452C36B6E200BD6838 /* NewsListVC.swift */; };
/* End PBXBuildFile section */

/* Begin PBXFileReference section */
		2E9B94FC2C37201E00B61474 /* NewsListCell.swift */ = {isa = PBXFileReference; lastKnownFileType = sourcecode.swift; path = NewsListCell.swift; sourceTree = "<group>"; };
		2E9B94FD2C37201E00B61474 /* NewsListCell.xib */ = {isa = PBXFileReference; lastKnownFileType = file.xib; path = NewsListCell.xib; sourceTree = "<group>"; };
		2EEF700B2C37AAE700F81B62 /* Activity Indicator.swift */ = {isa = PBXFileReference; lastKnownFileType = sourcecode.swift; path = "Activity Indicator.swift"; sourceTree = "<group>"; };
		2EF605182C36B62F00BD6838 /* Quick App.app */ = {isa = PBXFileReference; explicitFileType = wrapper.application; includeInIndex = 0; path = "Quick App.app"; sourceTree = BUILT_PRODUCTS_DIR; };
		2EF6051B2C36B62F00BD6838 /* AppDelegate.swift */ = {isa = PBXFileReference; lastKnownFileType = sourcecode.swift; path = AppDelegate.swift; sourceTree = "<group>"; };
		2EF6051D2C36B62F00BD6838 /* SceneDelegate.swift */ = {isa = PBXFileReference; lastKnownFileType = sourcecode.swift; path = SceneDelegate.swift; sourceTree = "<group>"; };
		2EF605242C36B62F00BD6838 /* Assets.xcassets */ = {isa = PBXFileReference; lastKnownFileType = folder.assetcatalog; path = Assets.xcassets; sourceTree = "<group>"; };
		2EF605272C36B62F00BD6838 /* Base */ = {isa = PBXFileReference; lastKnownFileType = file.storyboard; name = Base; path = Base.lproj/LaunchScreen.storyboard; sourceTree = "<group>"; };
		2EF605292C36B62F00BD6838 /* Info.plist */ = {isa = PBXFileReference; lastKnownFileType = text.plist.xml; path = Info.plist; sourceTree = "<group>"; };
		2EF6052F2C36B6E200BD6838 /* TableViewExtension.swift */ = {isa = PBXFileReference; fileEncoding = 4; lastKnownFileType = sourcecode.swift; path = TableViewExtension.swift; sourceTree = "<group>"; };
		2EF605302C36B6E200BD6838 /* UIViewControllerExtension.swift */ = {isa = PBXFileReference; fileEncoding = 4; lastKnownFileType = sourcecode.swift; path = UIViewControllerExtension.swift; sourceTree = "<group>"; };
		2EF605322C36B6E200BD6838 /* NewsResponse.swift */ = {isa = PBXFileReference; fileEncoding = 4; lastKnownFileType = sourcecode.swift; path = NewsResponse.swift; sourceTree = "<group>"; };
		2EF605342C36B6E200BD6838 /* StatusProvider.swift */ = {isa = PBXFileReference; fileEncoding = 4; lastKnownFileType = sourcecode.swift; path = StatusProvider.swift; sourceTree = "<group>"; };
		2EF605362C36B6E200BD6838 /* Constants.swift */ = {isa = PBXFileReference; fileEncoding = 4; lastKnownFileType = sourcecode.swift; path = Constants.swift; sourceTree = "<group>"; };
		2EF605372C36B6E200BD6838 /* NetworkError.swift */ = {isa = PBXFileReference; fileEncoding = 4; lastKnownFileType = sourcecode.swift; path = NetworkError.swift; sourceTree = "<group>"; };
		2EF605382C36B6E200BD6838 /* URLAssest.swift */ = {isa = PBXFileReference; fileEncoding = 4; lastKnownFileType = sourcecode.swift; path = URLAssest.swift; sourceTree = "<group>"; };
		2EF605392C36B6E200BD6838 /* WebServices.swift */ = {isa = PBXFileReference; fileEncoding = 4; lastKnownFileType = sourcecode.swift; path = WebServices.swift; sourceTree = "<group>"; };
		2EF6053B2C36B6E200BD6838 /* Base */ = {isa = PBXFileReference; lastKnownFileType = file.storyboard; name = Base; path = Base.lproj/Main.storyboard; sourceTree = "<group>"; };
		2EF6053E2C36B6E200BD6838 /* PostViewModel.swift */ = {isa = PBXFileReference; fileEncoding = 4; lastKnownFileType = sourcecode.swift; path = PostViewModel.swift; sourceTree = "<group>"; };
		2EF605452C36B6E200BD6838 /* NewsListVC.swift */ = {isa = PBXFileReference; fileEncoding = 4; lastKnownFileType = sourcecode.swift; path = NewsListVC.swift; sourceTree = "<group>"; };
/* End PBXFileReference section */

/* Begin PBXFrameworksBuildPhase section */
		2EF605152C36B62F00BD6838 /* Frameworks */ = {
			isa = PBXFrameworksBuildPhase;
			buildActionMask = 2147483647;
			files = (
			);
			runOnlyForDeploymentPostprocessing = 0;
		};
/* End PBXFrameworksBuildPhase section */

/* Begin PBXGroup section */
		2EF6050F2C36B62F00BD6838 = {
			isa = PBXGroup;
			children = (
				2EF6051A2C36B62F00BD6838 /* Quick App */,
				2EF605192C36B62F00BD6838 /* Products */,
			);
			sourceTree = "<group>";
		};
		2EF605192C36B62F00BD6838 /* Products */ = {
			isa = PBXGroup;
			children = (
				2EF605182C36B62F00BD6838 /* Quick App.app */,
			);
			name = Products;
			sourceTree = "<group>";
		};
		2EF6051A2C36B62F00BD6838 /* Quick App */ = {
			isa = PBXGroup;
			children = (
				2EF6051B2C36B62F00BD6838 /* AppDelegate.swift */,
				2EF6051D2C36B62F00BD6838 /* SceneDelegate.swift */,
				2EF605332C36B6E200BD6838 /* Model */,
				2EF605482C36B6E200BD6838 /* View */,
				2EF6053F2C36B6E200BD6838 /* ViewModel */,
				2EF605312C36B6E200BD6838 /* Extensions */,
				2EF6053A2C36B6E200BD6838 /* Resources */,
				2EF605352C36B6E200BD6838 /* Utils */,
				2EF6053D2C36B6E200BD6838 /* Storyboard */,
				2EF605262C36B62F00BD6838 /* LaunchScreen.storyboard */,
				2EF605292C36B62F00BD6838 /* Info.plist */,
				2EF605242C36B62F00BD6838 /* Assets.xcassets */,
			);
			path = "Quick App";
			sourceTree = "<group>";
		};
		2EF605312C36B6E200BD6838 /* Extensions */ = {
			isa = PBXGroup;
			children = (
				2EF6052F2C36B6E200BD6838 /* TableViewExtension.swift */,
				2EF605302C36B6E200BD6838 /* UIViewControllerExtension.swift */,
			);
			path = Extensions;
			sourceTree = "<group>";
		};
		2EF605332C36B6E200BD6838 /* Model */ = {
			isa = PBXGroup;
			children = (
				2EF605322C36B6E200BD6838 /* NewsResponse.swift */,
			);
			path = Model;
			sourceTree = "<group>";
		};
		2EF605352C36B6E200BD6838 /* Utils */ = {
			isa = PBXGroup;
			children = (
				2EF605342C36B6E200BD6838 /* StatusProvider.swift */,
				2EEF700B2C37AAE700F81B62 /* Activity Indicator.swift */,
			);
			path = Utils;
			sourceTree = "<group>";
		};
		2EF6053A2C36B6E200BD6838 /* Resources */ = {
			isa = PBXGroup;
			children = (
				2EF605362C36B6E200BD6838 /* Constants.swift */,
				2EF605372C36B6E200BD6838 /* NetworkError.swift */,
				2EF605382C36B6E200BD6838 /* URLAssest.swift */,
				2EF605392C36B6E200BD6838 /* WebServices.swift */,
			);
			path = Resources;
			sourceTree = "<group>";
		};
		2EF6053D2C36B6E200BD6838 /* Storyboard */ = {
			isa = PBXGroup;
			children = (
				2EF6053C2C36B6E200BD6838 /* Main.storyboard */,
			);
			path = Storyboard;
			sourceTree = "<group>";
		};
		2EF6053F2C36B6E200BD6838 /* ViewModel */ = {
			isa = PBXGroup;
			children = (
				2EF6053E2C36B6E200BD6838 /* PostViewModel.swift */,
			);
			path = ViewModel;
			sourceTree = "<group>";
		};
		2EF605422C36B6E200BD6838 /* Cells */ = {
			isa = PBXGroup;
			children = (
				2E9B94FC2C37201E00B61474 /* NewsListCell.swift */,
				2E9B94FD2C37201E00B61474 /* NewsListCell.xib */,
			);
			path = Cells;
			sourceTree = "<group>";
		};
		2EF605472C36B6E200BD6838 /* Home */ = {
			isa = PBXGroup;
			children = (
				2EF605452C36B6E200BD6838 /* NewsListVC.swift */,
				2EF605422C36B6E200BD6838 /* Cells */,
			);
			path = Home;
			sourceTree = "<group>";
		};
		2EF605482C36B6E200BD6838 /* View */ = {
			isa = PBXGroup;
			children = (
				2EF605472C36B6E200BD6838 /* Home */,
			);
			path = View;
			sourceTree = "<group>";
		};
/* End PBXGroup section */

/* Begin PBXNativeTarget section */
		2EF605172C36B62F00BD6838 /* Quick App */ = {
			isa = PBXNativeTarget;
			buildConfigurationList = 2EF6052C2C36B62F00BD6838 /* Build configuration list for PBXNativeTarget "Quick App" */;
			buildPhases = (
				2EF605142C36B62F00BD6838 /* Sources */,
				2EF605152C36B62F00BD6838 /* Frameworks */,
				2EF605162C36B62F00BD6838 /* Resources */,
			);
			buildRules = (
			);
			dependencies = (
			);
			name = "Quick App";
			productName = "Quick App";
			productReference = 2EF605182C36B62F00BD6838 /* Quick App.app */;
			productType = "com.apple.product-type.application";
		};
/* End PBXNativeTarget section */

/* Begin PBXProject section */
		2EF605102C36B62F00BD6838 /* Project object */ = {
			isa = PBXProject;
			attributes = {
				BuildIndependentTargetsInParallel = 1;
				LastSwiftUpdateCheck = 1530;
				LastUpgradeCheck = 1530;
				TargetAttributes = {
					2EF605172C36B62F00BD6838 = {
						CreatedOnToolsVersion = 15.3;
					};
				};
			};
			buildConfigurationList = 2EF605132C36B62F00BD6838 /* Build configuration list for PBXProject "Quick App" */;
			compatibilityVersion = "Xcode 14.0";
			developmentRegion = en;
			hasScannedForEncodings = 0;
			knownRegions = (
				en,
				Base,
			);
			mainGroup = 2EF6050F2C36B62F00BD6838;
			productRefGroup = 2EF605192C36B62F00BD6838 /* Products */;
			projectDirPath = "";
			projectRoot = "";
			targets = (
				2EF605172C36B62F00BD6838 /* Quick App */,
			);
		};
/* End PBXProject section */

/* Begin PBXResourcesBuildPhase section */
		2EF605162C36B62F00BD6838 /* Resources */ = {
			isa = PBXResourcesBuildPhase;
			buildActionMask = 2147483647;
			files = (
				2EF605252C36B62F00BD6838 /* Assets.xcassets in Resources */,
				2E9B94FE2C37201E00B61474 /* NewsListCell.xib in Resources */,
				2EF605282C36B62F00BD6838 /* Base in Resources */,
				2EF605512C36B6E200BD6838 /* Main.storyboard in Resources */,
			);
			runOnlyForDeploymentPostprocessing = 0;
		};
/* End PBXResourcesBuildPhase section */

/* Begin PBXSourcesBuildPhase section */
		2EF605142C36B62F00BD6838 /* Sources */ = {
			isa = PBXSourcesBuildPhase;
			buildActionMask = 2147483647;
			files = (
				2EF605572C36B6E200BD6838 /* NewsListVC.swift in Sources */,
				2EF6054F2C36B6E200BD6838 /* URLAssest.swift in Sources */,
				2EF6054A2C36B6E200BD6838 /* UIViewControllerExtension.swift in Sources */,
				2EF6054E2C36B6E200BD6838 /* NetworkError.swift in Sources */,
				2EF605492C36B6E200BD6838 /* TableViewExtension.swift in Sources */,
				2EEF700C2C37AAE700F81B62 /* Activity Indicator.swift in Sources */,
				2EF6054C2C36B6E200BD6838 /* StatusProvider.swift in Sources */,
				2EF6051C2C36B62F00BD6838 /* AppDelegate.swift in Sources */,
				2EF605502C36B6E200BD6838 /* WebServices.swift in Sources */,
				2EF605522C36B6E200BD6838 /* PostViewModel.swift in Sources */,
				2E9B94FF2C37201E00B61474 /* NewsListCell.swift in Sources */,
				2EF6054D2C36B6E200BD6838 /* Constants.swift in Sources */,
				2EF6051E2C36B62F00BD6838 /* SceneDelegate.swift in Sources */,
				2EF6054B2C36B6E200BD6838 /* NewsResponse.swift in Sources */,
			);
			runOnlyForDeploymentPostprocessing = 0;
		};
/* End PBXSourcesBuildPhase section */

/* Begin PBXVariantGroup section */
		2EF605262C36B62F00BD6838 /* LaunchScreen.storyboard */ = {
			isa = PBXVariantGroup;
			children = (
				2EF605272C36B62F00BD6838 /* Base */,
			);
			name = LaunchScreen.storyboard;
			sourceTree = "<group>";
		};
		2EF6053C2C36B6E200BD6838 /* Main.storyboard */ = {
			isa = PBXVariantGroup;
			children = (
				2EF6053B2C36B6E200BD6838 /* Base */,
			);
			name = Main.storyboard;
			sourceTree = "<group>";
		};
/* End PBXVariantGroup section */

/* Begin XCBuildConfiguration section */
		2EF6052A2C36B62F00BD6838 /* Debug */ = {
			isa = XCBuildConfiguration;
			buildSettings = {
				ALWAYS_SEARCH_USER_PATHS = NO;
				ASSETCATALOG_COMPILER_GENERATE_SWIFT_ASSET_SYMBOL_EXTENSIONS = YES;
				CLANG_ANALYZER_NONNULL = YES;
				CLANG_ANALYZER_NUMBER_OBJECT_CONVERSION = YES_AGGRESSIVE;
				CLANG_CXX_LANGUAGE_STANDARD = "gnu++20";
				CLANG_ENABLE_MODULES = YES;
				CLANG_ENABLE_OBJC_ARC = YES;
				CLANG_ENABLE_OBJC_WEAK = YES;
				CLANG_WARN_BLOCK_CAPTURE_AUTORELEASING = YES;
				CLANG_WARN_BOOL_CONVERSION = YES;
				CLANG_WARN_COMMA = YES;
				CLANG_WARN_CONSTANT_CONVERSION = YES;
				CLANG_WARN_DEPRECATED_OBJC_IMPLEMENTATIONS = YES;
				CLANG_WARN_DIRECT_OBJC_ISA_USAGE = YES_ERROR;
				CLANG_WARN_DOCUMENTATION_COMMENTS = YES;
				CLANG_WARN_EMPTY_BODY = YES;
				CLANG_WARN_ENUM_CONVERSION = YES;
				CLANG_WARN_INFINITE_RECURSION = YES;
				CLANG_WARN_INT_CONVERSION = YES;
				CLANG_WARN_NON_LITERAL_NULL_CONVERSION = YES;
				CLANG_WARN_OBJC_IMPLICIT_RETAIN_SELF = YES;
				CLANG_WARN_OBJC_LITERAL_CONVERSION = YES;
				CLANG_WARN_OBJC_ROOT_CLASS = YES_ERROR;
				CLANG_WARN_QUOTED_INCLUDE_IN_FRAMEWORK_HEADER = YES;
				CLANG_WARN_RANGE_LOOP_ANALYSIS = YES;
				CLANG_WARN_STRICT_PROTOTYPES = YES;
				CLANG_WARN_SUSPICIOUS_MOVE = YES;
				CLANG_WARN_UNGUARDED_AVAILABILITY = YES_AGGRESSIVE;
				CLANG_WARN_UNREACHABLE_CODE = YES;
				CLANG_WARN__DUPLICATE_METHOD_MATCH = YES;
				COPY_PHASE_STRIP = NO;
				DEBUG_INFORMATION_FORMAT = dwarf;
				ENABLE_STRICT_OBJC_MSGSEND = YES;
				ENABLE_TESTABILITY = YES;
				ENABLE_USER_SCRIPT_SANDBOXING = YES;
				GCC_C_LANGUAGE_STANDARD = gnu17;
				GCC_DYNAMIC_NO_PIC = NO;
				GCC_NO_COMMON_BLOCKS = YES;
				GCC_OPTIMIZATION_LEVEL = 0;
				GCC_PREPROCESSOR_DEFINITIONS = (
					"DEBUG=1",
					"$(inherited)",
				);
				GCC_WARN_64_TO_32_BIT_CONVERSION = YES;
				GCC_WARN_ABOUT_RETURN_TYPE = YES_ERROR;
				GCC_WARN_UNDECLARED_SELECTOR = YES;
				GCC_WARN_UNINITIALIZED_AUTOS = YES_AGGRESSIVE;
				GCC_WARN_UNUSED_FUNCTION = YES;
				GCC_WARN_UNUSED_VARIABLE = YES;
				IPHONEOS_DEPLOYMENT_TARGET = 17.4;
				LOCALIZATION_PREFERS_STRING_CATALOGS = YES;
				MTL_ENABLE_DEBUG_INFO = INCLUDE_SOURCE;
				MTL_FAST_MATH = YES;
				ONLY_ACTIVE_ARCH = YES;
				SDKROOT = iphoneos;
				SWIFT_ACTIVE_COMPILATION_CONDITIONS = "DEBUG $(inherited)";
				SWIFT_OPTIMIZATION_LEVEL = "-Onone";
			};
			name = Debug;
		};
		2EF6052B2C36B62F00BD6838 /* Release */ = {
			isa = XCBuildConfiguration;
			buildSettings = {
				ALWAYS_SEARCH_USER_PATHS = NO;
				ASSETCATALOG_COMPILER_GENERATE_SWIFT_ASSET_SYMBOL_EXTENSIONS = YES;
				CLANG_ANALYZER_NONNULL = YES;
				CLANG_ANALYZER_NUMBER_OBJECT_CONVERSION = YES_AGGRESSIVE;
				CLANG_CXX_LANGUAGE_STANDARD = "gnu++20";
				CLANG_ENABLE_MODULES = YES;
				CLANG_ENABLE_OBJC_ARC = YES;
				CLANG_ENABLE_OBJC_WEAK = YES;
				CLANG_WARN_BLOCK_CAPTURE_AUTORELEASING = YES;
				CLANG_WARN_BOOL_CONVERSION = YES;
				CLANG_WARN_COMMA = YES;
				CLANG_WARN_CONSTANT_CONVERSION = YES;
				CLANG_WARN_DEPRECATED_OBJC_IMPLEMENTATIONS = YES;
				CLANG_WARN_DIRECT_OBJC_ISA_USAGE = YES_ERROR;
				CLANG_WARN_DOCUMENTATION_COMMENTS = YES;
				CLANG_WARN_EMPTY_BODY = YES;
				CLANG_WARN_ENUM_CONVERSION = YES;
				CLANG_WARN_INFINITE_RECURSION = YES;
				CLANG_WARN_INT_CONVERSION = YES;
				CLANG_WARN_NON_LITERAL_NULL_CONVERSION = YES;
				CLANG_WARN_OBJC_IMPLICIT_RETAIN_SELF = YES;
				CLANG_WARN_OBJC_LITERAL_CONVERSION = YES;
				CLANG_WARN_OBJC_ROOT_CLASS = YES_ERROR;
				CLANG_WARN_QUOTED_INCLUDE_IN_FRAMEWORK_HEADER = YES;
				CLANG_WARN_RANGE_LOOP_ANALYSIS = YES;
				CLANG_WARN_STRICT_PROTOTYPES = YES;
				CLANG_WARN_SUSPICIOUS_MOVE = YES;
				CLANG_WARN_UNGUARDED_AVAILABILITY = YES_AGGRESSIVE;
				CLANG_WARN_UNREACHABLE_CODE = YES;
				CLANG_WARN__DUPLICATE_METHOD_MATCH = YES;
				COPY_PHASE_STRIP = NO;
				DEBUG_INFORMATION_FORMAT = "dwarf-with-dsym";
				ENABLE_NS_ASSERTIONS = NO;
				ENABLE_STRICT_OBJC_MSGSEND = YES;
				ENABLE_USER_SCRIPT_SANDBOXING = YES;
				GCC_C_LANGUAGE_STANDARD = gnu17;
				GCC_NO_COMMON_BLOCKS = YES;
				GCC_WARN_64_TO_32_BIT_CONVERSION = YES;
				GCC_WARN_ABOUT_RETURN_TYPE = YES_ERROR;
				GCC_WARN_UNDECLARED_SELECTOR = YES;
				GCC_WARN_UNINITIALIZED_AUTOS = YES_AGGRESSIVE;
				GCC_WARN_UNUSED_FUNCTION = YES;
				GCC_WARN_UNUSED_VARIABLE = YES;
				IPHONEOS_DEPLOYMENT_TARGET = 17.4;
				LOCALIZATION_PREFERS_STRING_CATALOGS = YES;
				MTL_ENABLE_DEBUG_INFO = NO;
				MTL_FAST_MATH = YES;
				SDKROOT = iphoneos;
				SWIFT_COMPILATION_MODE = wholemodule;
				VALIDATE_PRODUCT = YES;
			};
			name = Release;
		};
		2EF6052D2C36B62F00BD6838 /* Debug */ = {
			isa = XCBuildConfiguration;
			buildSettings = {
				ASSETCATALOG_COMPILER_APPICON_NAME = AppIcon;
				ASSETCATALOG_COMPILER_GLOBAL_ACCENT_COLOR_NAME = AccentColor;
				CODE_SIGN_STYLE = Automatic;
				CURRENT_PROJECT_VERSION = 1;
				GENERATE_INFOPLIST_FILE = YES;
				INFOPLIST_FILE = "Quick App/Info.plist";
				INFOPLIST_KEY_UIApplicationSupportsIndirectInputEvents = YES;
				INFOPLIST_KEY_UILaunchStoryboardName = LaunchScreen;
				INFOPLIST_KEY_UIMainStoryboardFile = Main;
				INFOPLIST_KEY_UISupportedInterfaceOrientations_iPad = "UIInterfaceOrientationPortrait UIInterfaceOrientationPortraitUpsideDown UIInterfaceOrientationLandscapeLeft UIInterfaceOrientationLandscapeRight";
				INFOPLIST_KEY_UISupportedInterfaceOrientations_iPhone = "UIInterfaceOrientationPortrait UIInterfaceOrientationLandscapeLeft UIInterfaceOrientationLandscapeRight";
				LD_RUNPATH_SEARCH_PATHS = (
					"$(inherited)",
					"@executable_path/Frameworks",
				);
				MARKETING_VERSION = 1.0;
				PRODUCT_BUNDLE_IDENTIFIER = "com.vishal......Quick-App";
				PRODUCT_NAME = "$(TARGET_NAME)";
				SWIFT_EMIT_LOC_STRINGS = YES;
				SWIFT_VERSION = 5.0;
				TARGETED_DEVICE_FAMILY = "1,2";
			};
			name = Debug;
		};
		2EF6052E2C36B62F00BD6838 /* Release */ = {
			isa = XCBuildConfiguration;
			buildSettings = {
				ASSETCATALOG_COMPILER_APPICON_NAME = AppIcon;
				ASSETCATALOG_COMPILER_GLOBAL_ACCENT_COLOR_NAME = AccentColor;
				CODE_SIGN_STYLE = Automatic;
				CURRENT_PROJECT_VERSION = 1;
				GENERATE_INFOPLIST_FILE = YES;
				INFOPLIST_FILE = "Quick App/Info.plist";
				INFOPLIST_KEY_UIApplicationSupportsIndirectInputEvents = YES;
				INFOPLIST_KEY_UILaunchStoryboardName = LaunchScreen;
				INFOPLIST_KEY_UIMainStoryboardFile = Main;
				INFOPLIST_KEY_UISupportedInterfaceOrientations_iPad = "UIInterfaceOrientationPortrait UIInterfaceOrientationPortraitUpsideDown UIInterfaceOrientationLandscapeLeft UIInterfaceOrientationLandscapeRight";
				INFOPLIST_KEY_UISupportedInterfaceOrientations_iPhone = "UIInterfaceOrientationPortrait UIInterfaceOrientationLandscapeLeft UIInterfaceOrientationLandscapeRight";
				LD_RUNPATH_SEARCH_PATHS = (
					"$(inherited)",
					"@executable_path/Frameworks",
				);
				MARKETING_VERSION = 1.0;
				PRODUCT_BUNDLE_IDENTIFIER = "com.vishal......Quick-App";
				PRODUCT_NAME = "$(TARGET_NAME)";
				SWIFT_EMIT_LOC_STRINGS = YES;
				SWIFT_VERSION = 5.0;
				TARGETED_DEVICE_FAMILY = "1,2";
			};
			name = Release;
		};
/* End XCBuildConfiguration section */

/* Begin XCConfigurationList section */
		2EF605132C36B62F00BD6838 /* Build configuration list for PBXProject "Quick App" */ = {
			isa = XCConfigurationList;
			buildConfigurations = (
				2EF6052A2C36B62F00BD6838 /* Debug */,
				2EF6052B2C36B62F00BD6838 /* Release */,
			);
			defaultConfigurationIsVisible = 0;
			defaultConfigurationName = Release;
		};
		2EF6052C2C36B62F00BD6838 /* Build configuration list for PBXNativeTarget "Quick App" */ = {
			isa = XCConfigurationList;
			buildConfigurations = (
				2EF6052D2C36B62F00BD6838 /* Debug */,
				2EF6052E2C36B62F00BD6838 /* Release */,
			);
			defaultConfigurationIsVisible = 0;
			defaultConfigurationName = Release;
		};
/* End XCConfigurationList section */
	};
	rootObject = 2EF605102C36B62F00BD6838 /* Project object */;
}
